// !$*UTF8*$!
{
	archiveVersion = 1;
	classes = {
	};
	objectVersion = 50;
	objects = {

/* Begin PBXBuildFile section */
		6D04E36E251C128400FCA530 /* AppDelegate.swift in Sources */ = {isa = PBXBuildFile; fileRef = 6D04E36D251C128400FCA530 /* AppDelegate.swift */; };
		6D04E370251C128400FCA530 /* SceneDelegate.swift in Sources */ = {isa = PBXBuildFile; fileRef = 6D04E36F251C128400FCA530 /* SceneDelegate.swift */; };
		6D04E372251C128400FCA530 /* ViewController.swift in Sources */ = {isa = PBXBuildFile; fileRef = 6D04E371251C128400FCA530 /* ViewController.swift */; };
		6D04E377251C128A00FCA530 /* Assets.xcassets in Resources */ = {isa = PBXBuildFile; fileRef = 6D04E376251C128A00FCA530 /* Assets.xcassets */; };
		6D04E37A251C128A00FCA530 /* LaunchScreen.storyboard in Resources */ = {isa = PBXBuildFile; fileRef = 6D04E378251C128A00FCA530 /* LaunchScreen.storyboard */; };
		6D04E383251C139100FCA530 /* Home Screen.storyboard in Resources */ = {isa = PBXBuildFile; fileRef = 6D04E382251C139100FCA530 /* Home Screen.storyboard */; };
		6D04E388251C142900FCA530 /* TodoTableViewCell.swift in Sources */ = {isa = PBXBuildFile; fileRef = 6D04E386251C142900FCA530 /* TodoTableViewCell.swift */; };
		6D04E389251C142900FCA530 /* TodoTableViewCell.xib in Resources */ = {isa = PBXBuildFile; fileRef = 6D04E387251C142900FCA530 /* TodoTableViewCell.xib */; };
		6D04E38B251C19FF00FCA530 /* Todo.swift in Sources */ = {isa = PBXBuildFile; fileRef = 6D04E38A251C19FF00FCA530 /* Todo.swift */; };
		6D04E38D251C1A0F00FCA530 /* Category.swift in Sources */ = {isa = PBXBuildFile; fileRef = 6D04E38C251C1A0F00FCA530 /* Category.swift */; };
/* End PBXBuildFile section */

/* Begin PBXFileReference section */
		6D04E36A251C128400FCA530 /* Procrastinate.app */ = {isa = PBXFileReference; explicitFileType = wrapper.application; includeInIndex = 0; path = Procrastinate.app; sourceTree = BUILT_PRODUCTS_DIR; };
		6D04E36D251C128400FCA530 /* AppDelegate.swift */ = {isa = PBXFileReference; lastKnownFileType = sourcecode.swift; path = AppDelegate.swift; sourceTree = "<group>"; };
		6D04E36F251C128400FCA530 /* SceneDelegate.swift */ = {isa = PBXFileReference; lastKnownFileType = sourcecode.swift; path = SceneDelegate.swift; sourceTree = "<group>"; };
		6D04E371251C128400FCA530 /* ViewController.swift */ = {isa = PBXFileReference; lastKnownFileType = sourcecode.swift; path = ViewController.swift; sourceTree = "<group>"; };
		6D04E376251C128A00FCA530 /* Assets.xcassets */ = {isa = PBXFileReference; lastKnownFileType = folder.assetcatalog; path = Assets.xcassets; sourceTree = "<group>"; };
		6D04E379251C128A00FCA530 /* Base */ = {isa = PBXFileReference; lastKnownFileType = file.storyboard; name = Base; path = Base.lproj/LaunchScreen.storyboard; sourceTree = "<group>"; };
		6D04E37B251C128A00FCA530 /* Info.plist */ = {isa = PBXFileReference; lastKnownFileType = text.plist.xml; path = Info.plist; sourceTree = "<group>"; };
		6D04E382251C139100FCA530 /* Home Screen.storyboard */ = {isa = PBXFileReference; lastKnownFileType = file.storyboard; path = "Home Screen.storyboard"; sourceTree = "<group>"; };
		6D04E386251C142900FCA530 /* TodoTableViewCell.swift */ = {isa = PBXFileReference; lastKnownFileType = sourcecode.swift; path = TodoTableViewCell.swift; sourceTree = "<group>"; };
		6D04E387251C142900FCA530 /* TodoTableViewCell.xib */ = {isa = PBXFileReference; lastKnownFileType = file.xib; path = TodoTableViewCell.xib; sourceTree = "<group>"; };
		6D04E38A251C19FF00FCA530 /* Todo.swift */ = {isa = PBXFileReference; lastKnownFileType = sourcecode.swift; name = Todo.swift; path = Classes/Todo.swift; sourceTree = "<group>"; };
		6D04E38C251C1A0F00FCA530 /* Category.swift */ = {isa = PBXFileReference; lastKnownFileType = sourcecode.swift; name = Category.swift; path = Classes/Category.swift; sourceTree = "<group>"; };
/* End PBXFileReference section */

/* Begin PBXFrameworksBuildPhase section */
		6D04E367251C128400FCA530 /* Frameworks */ = {
			isa = PBXFrameworksBuildPhase;
			buildActionMask = 2147483647;
			files = (
			);
			runOnlyForDeploymentPostprocessing = 0;
		};
/* End PBXFrameworksBuildPhase section */

/* Begin PBXGroup section */
		6D04E361251C128300FCA530 = {
			isa = PBXGroup;
			children = (
				6D04E36C251C128400FCA530 /* Procrastinate */,
				6D04E36B251C128400FCA530 /* Products */,
			);
			sourceTree = "<group>";
		};
		6D04E36B251C128400FCA530 /* Products */ = {
			isa = PBXGroup;
			children = (
				6D04E36A251C128400FCA530 /* Procrastinate.app */,
			);
			name = Products;
			sourceTree = "<group>";
		};
		6D04E36C251C128400FCA530 /* Procrastinate */ = {
			isa = PBXGroup;
			children = (
				6D04E36D251C128400FCA530 /* AppDelegate.swift */,
				6D04E36F251C128400FCA530 /* SceneDelegate.swift */,
				6D04E371251C128400FCA530 /* ViewController.swift */,
				6D04E382251C139100FCA530 /* Home Screen.storyboard */,
				6D04E386251C142900FCA530 /* TodoTableViewCell.swift */,
				6D04E387251C142900FCA530 /* TodoTableViewCell.xib */,
				6D04E376251C128A00FCA530 /* Assets.xcassets */,
				6D04E378251C128A00FCA530 /* LaunchScreen.storyboard */,
				6D04E37B251C128A00FCA530 /* Info.plist */,
				6D04E38C251C1A0F00FCA530 /* Category.swift */,
				6D04E38A251C19FF00FCA530 /* Todo.swift */,
				6D04E38E251C1C2300FCA530 /* Classes */,
			);
			path = Procrastinate;
			sourceTree = "<group>";
		};
		6D04E38E251C1C2300FCA530 /* Classes */ = {
			isa = PBXGroup;
			children = (
			);
			path = Classes;
			sourceTree = "<group>";
		};
/* End PBXGroup section */

/* Begin PBXNativeTarget section */
		6D04E369251C128400FCA530 /* Procrastinate */ = {
			isa = PBXNativeTarget;
			buildConfigurationList = 6D04E37E251C128A00FCA530 /* Build configuration list for PBXNativeTarget "Procrastinate" */;
			buildPhases = (
				6D04E366251C128400FCA530 /* Sources */,
				6D04E367251C128400FCA530 /* Frameworks */,
				6D04E368251C128400FCA530 /* Resources */,
			);
			buildRules = (
			);
			dependencies = (
			);
			name = Procrastinate;
			productName = Procrastinate;
			productReference = 6D04E36A251C128400FCA530 /* Procrastinate.app */;
			productType = "com.apple.product-type.application";
		};
/* End PBXNativeTarget section */

/* Begin PBXProject section */
		6D04E362251C128300FCA530 /* Project object */ = {
			isa = PBXProject;
			attributes = {
				LastSwiftUpdateCheck = 1140;
				LastUpgradeCheck = 1140;
				ORGANIZATIONNAME = "Justin Galang";
				TargetAttributes = {
					6D04E369251C128400FCA530 = {
						CreatedOnToolsVersion = 11.4.1;
					};
				};
			};
			buildConfigurationList = 6D04E365251C128300FCA530 /* Build configuration list for PBXProject "Procrastinate" */;
			compatibilityVersion = "Xcode 9.3";
			developmentRegion = en;
			hasScannedForEncodings = 0;
			knownRegions = (
				en,
				Base,
			);
			mainGroup = 6D04E361251C128300FCA530;
			productRefGroup = 6D04E36B251C128400FCA530 /* Products */;
			projectDirPath = "";
			projectRoot = "";
			targets = (
				6D04E369251C128400FCA530 /* Procrastinate */,
			);
		};
/* End PBXProject section */

/* Begin PBXResourcesBuildPhase section */
		6D04E368251C128400FCA530 /* Resources */ = {
			isa = PBXResourcesBuildPhase;
			buildActionMask = 2147483647;
			files = (
				6D04E37A251C128A00FCA530 /* LaunchScreen.storyboard in Resources */,
				6D04E383251C139100FCA530 /* Home Screen.storyboard in Resources */,
				6D04E377251C128A00FCA530 /* Assets.xcassets in Resources */,
				6D04E389251C142900FCA530 /* TodoTableViewCell.xib in Resources */,
			);
			runOnlyForDeploymentPostprocessing = 0;
		};
/* End PBXResourcesBuildPhase section */

/* Begin PBXSourcesBuildPhase section */
		6D04E366251C128400FCA530 /* Sources */ = {
			isa = PBXSourcesBuildPhase;
			buildActionMask = 2147483647;
			files = (
				6D04E372251C128400FCA530 /* ViewController.swift in Sources */,
				6D04E36E251C128400FCA530 /* AppDelegate.swift in Sources */,
				6D04E370251C128400FCA530 /* SceneDelegate.swift in Sources */,
				6D04E388251C142900FCA530 /* TodoTableViewCell.swift in Sources */,
				6D04E38B251C19FF00FCA530 /* Todo.swift in Sources */,
				6D04E38D251C1A0F00FCA530 /* Category.swift in Sources */,
			);
			runOnlyForDeploymentPostprocessing = 0;
		};
/* End PBXSourcesBuildPhase section */

/* Begin PBXVariantGroup section */
		6D04E378251C128A00FCA530 /* LaunchScreen.storyboard */ = {
			isa = PBXVariantGroup;
			children = (
				6D04E379251C128A00FCA530 /* Base */,
			);
			name = LaunchScreen.storyboard;
			sourceTree = "<group>";
		};
/* End PBXVariantGroup section */

/* Begin XCBuildConfiguration section */
		6D04E37C251C128A00FCA530 /* Debug */ = {
			isa = XCBuildConfiguration;
			buildSettings = {
				ALWAYS_SEARCH_USER_PATHS = NO;
				CLANG_ANALYZER_NONNULL = YES;
				CLANG_ANALYZER_NUMBER_OBJECT_CONVERSION = YES_AGGRESSIVE;
				CLANG_CXX_LANGUAGE_STANDARD = "gnu++14";
				CLANG_CXX_LIBRARY = "libc++";
				CLANG_ENABLE_MODULES = YES;
				CLANG_ENABLE_OBJC_ARC = YES;
				CLANG_ENABLE_OBJC_WEAK = YES;
				CLANG_WARN_BLOCK_CAPTURE_AUTORELEASING = YES;
				CLANG_WARN_BOOL_CONVERSION = YES;
				CLANG_WARN_COMMA = YES;
				CLANG_WARN_CONSTANT_CONVERSION = YES;
				CLANG_WARN_DEPRECATED_OBJC_IMPLEMENTATIONS = YES;
				CLANG_WARN_DIRECT_OBJC_ISA_USAGE = YES_ERROR;
				CLANG_WARN_DOCUMENTATION_COMMENTS = YES;
				CLANG_WARN_EMPTY_BODY = YES;
				CLANG_WARN_ENUM_CONVERSION = YES;
				CLANG_WARN_INFINITE_RECURSION = YES;
				CLANG_WARN_INT_CONVERSION = YES;
				CLANG_WARN_NON_LITERAL_NULL_CONVERSION = YES;
				CLANG_WARN_OBJC_IMPLICIT_RETAIN_SELF = YES;
				CLANG_WARN_OBJC_LITERAL_CONVERSION = YES;
				CLANG_WARN_OBJC_ROOT_CLASS = YES_ERROR;
				CLANG_WARN_RANGE_LOOP_ANALYSIS = YES;
				CLANG_WARN_STRICT_PROTOTYPES = YES;
				CLANG_WARN_SUSPICIOUS_MOVE = YES;
				CLANG_WARN_UNGUARDED_AVAILABILITY = YES_AGGRESSIVE;
				CLANG_WARN_UNREACHABLE_CODE = YES;
				CLANG_WARN__DUPLICATE_METHOD_MATCH = YES;
				COPY_PHASE_STRIP = NO;
				DEBUG_INFORMATION_FORMAT = dwarf;
				ENABLE_STRICT_OBJC_MSGSEND = YES;
				ENABLE_TESTABILITY = YES;
				GCC_C_LANGUAGE_STANDARD = gnu11;
				GCC_DYNAMIC_NO_PIC = NO;
				GCC_NO_COMMON_BLOCKS = YES;
				GCC_OPTIMIZATION_LEVEL = 0;
				GCC_PREPROCESSOR_DEFINITIONS = (
					"DEBUG=1",
					"$(inherited)",
				);
				GCC_WARN_64_TO_32_BIT_CONVERSION = YES;
				GCC_WARN_ABOUT_RETURN_TYPE = YES_ERROR;
				GCC_WARN_UNDECLARED_SELECTOR = YES;
				GCC_WARN_UNINITIALIZED_AUTOS = YES_AGGRESSIVE;
				GCC_WARN_UNUSED_FUNCTION = YES;
				GCC_WARN_UNUSED_VARIABLE = YES;
				IPHONEOS_DEPLOYMENT_TARGET = 13.4;
				MTL_ENABLE_DEBUG_INFO = INCLUDE_SOURCE;
				MTL_FAST_MATH = YES;
				ONLY_ACTIVE_ARCH = YES;
				SDKROOT = iphoneos;
				SWIFT_ACTIVE_COMPILATION_CONDITIONS = DEBUG;
				SWIFT_OPTIMIZATION_LEVEL = "-Onone";
			};
			name = Debug;
		};
		6D04E37D251C128A00FCA530 /* Release */ = {
			isa = XCBuildConfiguration;
			buildSettings = {
				ALWAYS_SEARCH_USER_PATHS = NO;
				CLANG_ANALYZER_NONNULL = YES;
				CLANG_ANALYZER_NUMBER_OBJECT_CONVERSION = YES_AGGRESSIVE;
				CLANG_CXX_LANGUAGE_STANDARD = "gnu++14";
				CLANG_CXX_LIBRARY = "libc++";
				CLANG_ENABLE_MODULES = YES;
				CLANG_ENABLE_OBJC_ARC = YES;
				CLANG_ENABLE_OBJC_WEAK = YES;
				CLANG_WARN_BLOCK_CAPTURE_AUTORELEASING = YES;
				CLANG_WARN_BOOL_CONVERSION = YES;
				CLANG_WARN_COMMA = YES;
				CLANG_WARN_CONSTANT_CONVERSION = YES;
				CLANG_WARN_DEPRECATED_OBJC_IMPLEMENTATIONS = YES;
				CLANG_WARN_DIRECT_OBJC_ISA_USAGE = YES_ERROR;
				CLANG_WARN_DOCUMENTATION_COMMENTS = YES;
				CLANG_WARN_EMPTY_BODY = YES;
				CLANG_WARN_ENUM_CONVERSION = YES;
				CLANG_WARN_INFINITE_RECURSION = YES;
				CLANG_WARN_INT_CONVERSION = YES;
				CLANG_WARN_NON_LITERAL_NULL_CONVERSION = YES;
				CLANG_WARN_OBJC_IMPLICIT_RETAIN_SELF = YES;
				CLANG_WARN_OBJC_LITERAL_CONVERSION = YES;
				CLANG_WARN_OBJC_ROOT_CLASS = YES_ERROR;
				CLANG_WARN_RANGE_LOOP_ANALYSIS = YES;
				CLANG_WARN_STRICT_PROTOTYPES = YES;
				CLANG_WARN_SUSPICIOUS_MOVE = YES;
				CLANG_WARN_UNGUARDED_AVAILABILITY = YES_AGGRESSIVE;
				CLANG_WARN_UNREACHABLE_CODE = YES;
				CLANG_WARN__DUPLICATE_METHOD_MATCH = YES;
				COPY_PHASE_STRIP = NO;
				DEBUG_INFORMATION_FORMAT = "dwarf-with-dsym";
				ENABLE_NS_ASSERTIONS = NO;
				ENABLE_STRICT_OBJC_MSGSEND = YES;
				GCC_C_LANGUAGE_STANDARD = gnu11;
				GCC_NO_COMMON_BLOCKS = YES;
				GCC_WARN_64_TO_32_BIT_CONVERSION = YES;
				GCC_WARN_ABOUT_RETURN_TYPE = YES_ERROR;
				GCC_WARN_UNDECLARED_SELECTOR = YES;
				GCC_WARN_UNINITIALIZED_AUTOS = YES_AGGRESSIVE;
				GCC_WARN_UNUSED_FUNCTION = YES;
				GCC_WARN_UNUSED_VARIABLE = YES;
				IPHONEOS_DEPLOYMENT_TARGET = 13.4;
				MTL_ENABLE_DEBUG_INFO = NO;
				MTL_FAST_MATH = YES;
				SDKROOT = iphoneos;
				SWIFT_COMPILATION_MODE = wholemodule;
				SWIFT_OPTIMIZATION_LEVEL = "-O";
				VALIDATE_PRODUCT = YES;
			};
			name = Release;
		};
		6D04E37F251C128A00FCA530 /* Debug */ = {
			isa = XCBuildConfiguration;
			buildSettings = {
				ASSETCATALOG_COMPILER_APPICON_NAME = AppIcon;
				CODE_SIGN_STYLE = Automatic;
				INFOPLIST_FILE = Procrastinate/Info.plist;
				LD_RUNPATH_SEARCH_PATHS = (
					"$(inherited)",
					"@executable_path/Frameworks",
				);
				PRODUCT_BUNDLE_IDENTIFIER = com.justingalang.Procrastinate;
				PRODUCT_NAME = "$(TARGET_NAME)";
				SWIFT_VERSION = 5.0;
				TARGETED_DEVICE_FAMILY = "1,2";
			};
			name = Debug;
		};
		6D04E380251C128A00FCA530 /* Release */ = {
			isa = XCBuildConfiguration;
			buildSettings = {
				ASSETCATALOG_COMPILER_APPICON_NAME = AppIcon;
				CODE_SIGN_STYLE = Automatic;
				INFOPLIST_FILE = Procrastinate/Info.plist;
				LD_RUNPATH_SEARCH_PATHS = (
					"$(inherited)",
					"@executable_path/Frameworks",
				);
				PRODUCT_BUNDLE_IDENTIFIER = com.justingalang.Procrastinate;
				PRODUCT_NAME = "$(TARGET_NAME)";
				SWIFT_VERSION = 5.0;
				TARGETED_DEVICE_FAMILY = "1,2";
			};
			name = Release;
		};
/* End XCBuildConfiguration section */

/* Begin XCConfigurationList section */
		6D04E365251C128300FCA530 /* Build configuration list for PBXProject "Procrastinate" */ = {
			isa = XCConfigurationList;
			buildConfigurations = (
				6D04E37C251C128A00FCA530 /* Debug */,
				6D04E37D251C128A00FCA530 /* Release */,
			);
			defaultConfigurationIsVisible = 0;
			defaultConfigurationName = Release;
		};
		6D04E37E251C128A00FCA530 /* Build configuration list for PBXNativeTarget "Procrastinate" */ = {
			isa = XCConfigurationList;
			buildConfigurations = (
				6D04E37F251C128A00FCA530 /* Debug */,
				6D04E380251C128A00FCA530 /* Release */,
			);
			defaultConfigurationIsVisible = 0;
			defaultConfigurationName = Release;
		};
/* End XCConfigurationList section */
	};
	rootObject = 6D04E362251C128300FCA530 /* Project object */;
}
